
Microsoft Visual Studio Solution File, Format Version 11.00
# Visual Studio 2010
Project("{F184B08F-C81C-45F6-A57F-5ABD9991F28F}") = "WindowsApplication1", "WindowsApplication1\WindowsApplication1.vbproj", "{677EED82-EDF6-4A65-8DCB-677511790C81}"
EndProject
Global
	GlobalSection(SolutionConfigurationPlatforms) = preSolution
		Debug|x86 = Debug|x86
		Release|x86 = Release|x86
	EndGlobalSection
	GlobalSection(ProjectConfigurationPlatforms) = postSolution
		{677EED82-EDF6-4A65-8DCB-677511790C81}.Debug|x86.ActiveCfg = Debug|x86
		{677EED82-EDF6-4A65-8DCB-677511790C81}.Debug|x86.Build.0 = Debug|x86
		{677EED82-EDF6-4A65-8DCB-677511790C81}.Release|x86.ActiveCfg = Release|x86
		{677EED82-EDF6-4A65-8DCB-677511790C81}.Release|x86.Build.0 = Release|x86
	EndGlobalSection
	GlobalSection(SolutionProperties) = preSolution
		HideSolutionNode = FALSE
	EndGlobalSection
EndGlobal
